{
  "name": "hiqlite-poc-app",
  "version": "0.0.0",
  "lockfileVersion": 3,
  "requires": true,
  "packages": {
    "": {
      "name": "hiqlite-poc-app",
      "version": "0.0.0",
      "dependencies": {
        "encore.dev": "^1.57.9",
        "hiqlite-native": "file:../addon"
      }
    },
    "../addon": {
      "name": "hiqlite-native",
      "version": "0.0.0",
      "devDependencies": {
        "@napi-rs/cli": "3.1.5"
      }
    },
    "node_modules/encore.dev": {
      "version": "1.57.9",
      "resolved": "https://registry.npmjs.org/encore.dev/-/encore.dev-1.57.9.tgz",
      "integrity": "sha512-xJkB4NRAj4DWl2UK+dnixAGkz+2ZMAMrIkjuQ98aAIaXmA2e33EQtji389n+F3omSvdY9qCLmX1Xvq/kjoOEYQ==",
      "license": "MPL-2.0",
      "engines": {
        "node": ">=18.0.0"
      }
    },
    "node_modules/hiqlite-native": {
      "resolved": "../addon",
      "link": true
    }
  }
}
